
Microsoft Visual Studio Solution File, Format Version 12.00
# Visual Studio Version 16
VisualStudioVersion = 16.0.31613.86
MinimumVisualStudioVersion = 10.0.40219.1
Project("{FAE04EC0-301F-11D3-BF4B-00C04F79EFBC}") = "Vehicles.commons", "Vehicles.commons\Vehicles.commons.csproj", "{64D65644-B3BB-4AEC-BD59-9A07708C4EBF}"
EndProject
Project("{FAE04EC0-301F-11D3-BF4B-00C04F79EFBC}") = "Vehicles.API", "Vehicles.API\Vehicles.API.csproj", "{D133CEF5-6AEE-45FF-9275-722131FF16BF}"
EndProject
Global
	GlobalSection(SolutionConfigurationPlatforms) = preSolution
		Debug|Any CPU = Debug|Any CPU
		Release|Any CPU = Release|Any CPU
	EndGlobalSection
	GlobalSection(ProjectConfigurationPlatforms) = postSolution
		{64D65644-B3BB-4AEC-BD59-9A07708C4EBF}.Debug|Any CPU.ActiveCfg = Debug|Any CPU
		{64D65644-B3BB-4AEC-BD59-9A07708C4EBF}.Debug|Any CPU.Build.0 = Debug|Any CPU
		{64D65644-B3BB-4AEC-BD59-9A07708C4EBF}.Release|Any CPU.ActiveCfg = Release|Any CPU
		{64D65644-B3BB-4AEC-BD59-9A07708C4EBF}.Release|Any CPU.Build.0 = Release|Any CPU
		{D133CEF5-6AEE-45FF-9275-722131FF16BF}.Debug|Any CPU.ActiveCfg = Debug|Any CPU
		{D133CEF5-6AEE-45FF-9275-722131FF16BF}.Debug|Any CPU.Build.0 = Debug|Any CPU
		{D133CEF5-6AEE-45FF-9275-722131FF16BF}.Release|Any CPU.ActiveCfg = Release|Any CPU
		{D133CEF5-6AEE-45FF-9275-722131FF16BF}.Release|Any CPU.Build.0 = Release|Any CPU
	EndGlobalSection
	GlobalSection(SolutionProperties) = preSolution
		HideSolutionNode = FALSE
	EndGlobalSection
	GlobalSection(ExtensibilityGlobals) = postSolution
		SolutionGuid = {0A8127E9-D804-4FA8-8725-D63AFC5EDC98}
	EndGlobalSection
EndGlobal
